
Microsoft Visual Studio Solution File, Format Version 12.00
# Visual Studio Version 17
VisualStudioVersion = 17.5.33424.131
MinimumVisualStudioVersion = 10.0.40219.1
Project("{FAE04EC0-301F-11D3-BF4B-00C04F79EFBC}") = "My4thJenkinsProject", "My4thJenkinsProject.csproj", "{53DD58C8-91D7-4C3B-8D68-CADF233FD2A6}"
EndProject
Global
	GlobalSection(SolutionConfigurationPlatforms) = preSolution
		Debug|Any CPU = Debug|Any CPU
		Release|Any CPU = Release|Any CPU
	EndGlobalSection
	GlobalSection(ProjectConfigurationPlatforms) = postSolution
		{53DD58C8-91D7-4C3B-8D68-CADF233FD2A6}.Debug|Any CPU.ActiveCfg = Debug|Any CPU
		{53DD58C8-91D7-4C3B-8D68-CADF233FD2A6}.Debug|Any CPU.Build.0 = Debug|Any CPU
		{53DD58C8-91D7-4C3B-8D68-CADF233FD2A6}.Release|Any CPU.ActiveCfg = Release|Any CPU
		{53DD58C8-91D7-4C3B-8D68-CADF233FD2A6}.Release|Any CPU.Build.0 = Release|Any CPU
	EndGlobalSection
	GlobalSection(SolutionProperties) = preSolution
		HideSolutionNode = FALSE
	EndGlobalSection
	GlobalSection(ExtensibilityGlobals) = postSolution
		SolutionGuid = {7B390D80-B6FB-4A99-BB03-39EB990F53E9}
	EndGlobalSection
EndGlobal
